// !$*UTF8*$!
{
	archiveVersion = 1;
	classes = {
	};
	objectVersion = 51;
	objects = {

/* Begin PBXBuildFile section */
		09CF8C40E49A1A58C5372288 /* Pods_TimeLogApp_TimeLogAppUITests.framework in Frameworks */ = {isa = PBXBuildFile; fileRef = 077587218B879260955A998E /* Pods_TimeLogApp_TimeLogAppUITests.framework */; };
		180396042423E11A00012755 /* AppDelegate.swift in Sources */ = {isa = PBXBuildFile; fileRef = 180396032423E11A00012755 /* AppDelegate.swift */; };
		1803960C2423E11B00012755 /* TimeLogApp.xcdatamodeld in Sources */ = {isa = PBXBuildFile; fileRef = 1803960A2423E11B00012755 /* TimeLogApp.xcdatamodeld */; };
		1803960E2423E12300012755 /* Assets.xcassets in Resources */ = {isa = PBXBuildFile; fileRef = 1803960D2423E12300012755 /* Assets.xcassets */; };
		180396112423E12300012755 /* LaunchScreen.storyboard in Resources */ = {isa = PBXBuildFile; fileRef = 1803960F2423E12300012755 /* LaunchScreen.storyboard */; };
		1803961C2423E12400012755 /* TimeLogAppTests.swift in Sources */ = {isa = PBXBuildFile; fileRef = 1803961B2423E12400012755 /* TimeLogAppTests.swift */; };
		180396272423E12400012755 /* TimeLogAppUITests.swift in Sources */ = {isa = PBXBuildFile; fileRef = 180396262423E12400012755 /* TimeLogAppUITests.swift */; };
		58019A0824540CCE0004EF2C /* TimeLogApp.xcdatamodeld in Sources */ = {isa = PBXBuildFile; fileRef = 58019A0024540CCE0004EF2C /* TimeLogApp.xcdatamodeld */; };
		58019A1A24540DCA0004EF2C /* TimeLogModel.swift in Sources */ = {isa = PBXBuildFile; fileRef = 58019A0B24540DCA0004EF2C /* TimeLogModel.swift */; };
		58019A1B24540DCA0004EF2C /* CountModel.swift in Sources */ = {isa = PBXBuildFile; fileRef = 58019A0C24540DCA0004EF2C /* CountModel.swift */; };
		58019A1C24540DCA0004EF2C /* TimeLogPresenter.swift in Sources */ = {isa = PBXBuildFile; fileRef = 58019A0E24540DCA0004EF2C /* TimeLogPresenter.swift */; };
		58019A1D24540DCA0004EF2C /* CountPresenter.swift in Sources */ = {isa = PBXBuildFile; fileRef = 58019A0F24540DCA0004EF2C /* CountPresenter.swift */; };
		58019A1F24540DCA0004EF2C /* RedMineViewController.swift in Sources */ = {isa = PBXBuildFile; fileRef = 58019A1224540DCA0004EF2C /* RedMineViewController.swift */; };
		58019A2024540DCA0004EF2C /* TopViewController.swift in Sources */ = {isa = PBXBuildFile; fileRef = 58019A1324540DCA0004EF2C /* TopViewController.swift */; };
		58019A2124540DCA0004EF2C /* TabViewController.swift in Sources */ = {isa = PBXBuildFile; fileRef = 58019A1424540DCA0004EF2C /* TabViewController.swift */; };
		58019A2624540DCA0004EF2C /* HistoryViewController.swift in Sources */ = {isa = PBXBuildFile; fileRef = 58019A1924540DCA0004EF2C /* HistoryViewController.swift */; };
		58019A2C245412C30004EF2C /* RedMineTableViewCell.xib in Resources */ = {isa = PBXBuildFile; fileRef = 58019A28245412C20004EF2C /* RedMineTableViewCell.xib */; };
		58019A2D245412C30004EF2C /* HistoryViewController.xib in Resources */ = {isa = PBXBuildFile; fileRef = 58019A29245412C20004EF2C /* HistoryViewController.xib */; };
		58019A2E245412C30004EF2C /* HistoryTableViewCell.xib in Resources */ = {isa = PBXBuildFile; fileRef = 58019A2A245412C20004EF2C /* HistoryTableViewCell.xib */; };
		58019A33245413DC0004EF2C /* HistoryTableViewCell.swift in Sources */ = {isa = PBXBuildFile; fileRef = 58019A31245413DC0004EF2C /* HistoryTableViewCell.swift */; };
		58019A34245413DC0004EF2C /* RedMineTableViewCell.swift in Sources */ = {isa = PBXBuildFile; fileRef = 58019A32245413DC0004EF2C /* RedMineTableViewCell.swift */; };
		58019A39245414320004EF2C /* HTTPUtil.swift in Sources */ = {isa = PBXBuildFile; fileRef = 58019A36245414310004EF2C /* HTTPUtil.swift */; };
		58019A3A245414320004EF2C /* DateUtil.swift in Sources */ = {isa = PBXBuildFile; fileRef = 58019A37245414310004EF2C /* DateUtil.swift */; };
		58019A3B245414320004EF2C /* TimeLogConst.swift in Sources */ = {isa = PBXBuildFile; fileRef = 58019A38245414310004EF2C /* TimeLogConst.swift */; };
		58019A3D24541EE50004EF2C /* RedMineViewController.xib in Resources */ = {isa = PBXBuildFile; fileRef = 58019A3C24541EE50004EF2C /* RedMineViewController.xib */; };
		58019A412454DE0E0004EF2C /* HistoryDetailViewController.swift in Sources */ = {isa = PBXBuildFile; fileRef = 58019A402454DE0E0004EF2C /* HistoryDetailViewController.swift */; };
		90D2913012EE609F90710847 /* Pods_TimeLogAppTests.framework in Frameworks */ = {isa = PBXBuildFile; fileRef = 3549783DD547D5317C5C5378 /* Pods_TimeLogAppTests.framework */; };
		A6C23B0FBE743D943E11B1D9 /* Pods_TimeLogApp.framework in Frameworks */ = {isa = PBXBuildFile; fileRef = 0774FEC46F57335516710D07 /* Pods_TimeLogApp.framework */; };
/* End PBXBuildFile section */

/* Begin PBXContainerItemProxy section */
		180396182423E12400012755 /* PBXContainerItemProxy */ = {
			isa = PBXContainerItemProxy;
			containerPortal = 180395F82423E11A00012755 /* Project object */;
			proxyType = 1;
			remoteGlobalIDString = 180395FF2423E11A00012755;
			remoteInfo = TimeLogApp;
		};
		180396232423E12400012755 /* PBXContainerItemProxy */ = {
			isa = PBXContainerItemProxy;
			containerPortal = 180395F82423E11A00012755 /* Project object */;
			proxyType = 1;
			remoteGlobalIDString = 180395FF2423E11A00012755;
			remoteInfo = TimeLogApp;
		};
/* End PBXContainerItemProxy section */

/* Begin PBXFileReference section */
		0774FEC46F57335516710D07 /* Pods_TimeLogApp.framework */ = {isa = PBXFileReference; explicitFileType = wrapper.framework; includeInIndex = 0; path = Pods_TimeLogApp.framework; sourceTree = BUILT_PRODUCTS_DIR; };
		077587218B879260955A998E /* Pods_TimeLogApp_TimeLogAppUITests.framework */ = {isa = PBXFileReference; explicitFileType = wrapper.framework; includeInIndex = 0; path = Pods_TimeLogApp_TimeLogAppUITests.framework; sourceTree = BUILT_PRODUCTS_DIR; };
		180396002423E11A00012755 /* TimeLogApp.app */ = {isa = PBXFileReference; explicitFileType = wrapper.application; includeInIndex = 0; path = TimeLogApp.app; sourceTree = BUILT_PRODUCTS_DIR; };
		180396032423E11A00012755 /* AppDelegate.swift */ = {isa = PBXFileReference; lastKnownFileType = sourcecode.swift; path = AppDelegate.swift; sourceTree = "<group>"; };
		1803960B2423E11B00012755 /* TimeLogApp.xcdatamodel */ = {isa = PBXFileReference; lastKnownFileType = wrapper.xcdatamodel; path = TimeLogApp.xcdatamodel; sourceTree = "<group>"; };
		1803960D2423E12300012755 /* Assets.xcassets */ = {isa = PBXFileReference; lastKnownFileType = folder.assetcatalog; path = Assets.xcassets; sourceTree = "<group>"; };
		180396102423E12300012755 /* Base */ = {isa = PBXFileReference; lastKnownFileType = file.storyboard; name = Base; path = Base.lproj/LaunchScreen.storyboard; sourceTree = "<group>"; };
		180396122423E12300012755 /* Info.plist */ = {isa = PBXFileReference; lastKnownFileType = text.plist.xml; path = Info.plist; sourceTree = "<group>"; };
		180396172423E12400012755 /* TimeLogAppTests.xctest */ = {isa = PBXFileReference; explicitFileType = wrapper.cfbundle; includeInIndex = 0; path = TimeLogAppTests.xctest; sourceTree = BUILT_PRODUCTS_DIR; };
		1803961B2423E12400012755 /* TimeLogAppTests.swift */ = {isa = PBXFileReference; lastKnownFileType = sourcecode.swift; path = TimeLogAppTests.swift; sourceTree = "<group>"; };
		1803961D2423E12400012755 /* Info.plist */ = {isa = PBXFileReference; lastKnownFileType = text.plist.xml; path = Info.plist; sourceTree = "<group>"; };
		180396222423E12400012755 /* TimeLogAppUITests.xctest */ = {isa = PBXFileReference; explicitFileType = wrapper.cfbundle; includeInIndex = 0; path = TimeLogAppUITests.xctest; sourceTree = BUILT_PRODUCTS_DIR; };
		180396262423E12400012755 /* TimeLogAppUITests.swift */ = {isa = PBXFileReference; lastKnownFileType = sourcecode.swift; path = TimeLogAppUITests.swift; sourceTree = "<group>"; };
		180396282423E12400012755 /* Info.plist */ = {isa = PBXFileReference; lastKnownFileType = text.plist.xml; path = Info.plist; sourceTree = "<group>"; };
		2CC1068811D596F00D1BAB7D /* Pods-TimeLogAppTests.debug.xcconfig */ = {isa = PBXFileReference; includeInIndex = 1; lastKnownFileType = text.xcconfig; name = "Pods-TimeLogAppTests.debug.xcconfig"; path = "Target Support Files/Pods-TimeLogAppTests/Pods-TimeLogAppTests.debug.xcconfig"; sourceTree = "<group>"; };
		2FE7D495A5E0DF8DBBBA9958 /* Pods-TimeLogApp-TimeLogAppUITests.debug.xcconfig */ = {isa = PBXFileReference; includeInIndex = 1; lastKnownFileType = text.xcconfig; name = "Pods-TimeLogApp-TimeLogAppUITests.debug.xcconfig"; path = "Target Support Files/Pods-TimeLogApp-TimeLogAppUITests/Pods-TimeLogApp-TimeLogAppUITests.debug.xcconfig"; sourceTree = "<group>"; };
		3549783DD547D5317C5C5378 /* Pods_TimeLogAppTests.framework */ = {isa = PBXFileReference; explicitFileType = wrapper.framework; includeInIndex = 0; path = Pods_TimeLogAppTests.framework; sourceTree = BUILT_PRODUCTS_DIR; };
		57AEA3F8179EEF979691FEB6 /* Pods-TimeLogApp.debug.xcconfig */ = {isa = PBXFileReference; includeInIndex = 1; lastKnownFileType = text.xcconfig; name = "Pods-TimeLogApp.debug.xcconfig"; path = "Target Support Files/Pods-TimeLogApp/Pods-TimeLogApp.debug.xcconfig"; sourceTree = "<group>"; };
		58019A0124540CCE0004EF2C /* TimeLogApp.xcdatamodel */ = {isa = PBXFileReference; lastKnownFileType = wrapper.xcdatamodel; path = TimeLogApp.xcdatamodel; sourceTree = "<group>"; };
		58019A0B24540DCA0004EF2C /* TimeLogModel.swift */ = {isa = PBXFileReference; fileEncoding = 4; lastKnownFileType = sourcecode.swift; path = TimeLogModel.swift; sourceTree = "<group>"; };
		58019A0C24540DCA0004EF2C /* CountModel.swift */ = {isa = PBXFileReference; fileEncoding = 4; lastKnownFileType = sourcecode.swift; path = CountModel.swift; sourceTree = "<group>"; };
		58019A0E24540DCA0004EF2C /* TimeLogPresenter.swift */ = {isa = PBXFileReference; fileEncoding = 4; lastKnownFileType = sourcecode.swift; path = TimeLogPresenter.swift; sourceTree = "<group>"; };
		58019A0F24540DCA0004EF2C /* CountPresenter.swift */ = {isa = PBXFileReference; fileEncoding = 4; lastKnownFileType = sourcecode.swift; path = CountPresenter.swift; sourceTree = "<group>"; };
		58019A1224540DCA0004EF2C /* RedMineViewController.swift */ = {isa = PBXFileReference; fileEncoding = 4; lastKnownFileType = sourcecode.swift; path = RedMineViewController.swift; sourceTree = "<group>"; };
		58019A1324540DCA0004EF2C /* TopViewController.swift */ = {isa = PBXFileReference; fileEncoding = 4; lastKnownFileType = sourcecode.swift; path = TopViewController.swift; sourceTree = "<group>"; };
		58019A1424540DCA0004EF2C /* TabViewController.swift */ = {isa = PBXFileReference; fileEncoding = 4; lastKnownFileType = sourcecode.swift; path = TabViewController.swift; sourceTree = "<group>"; };
		58019A1924540DCA0004EF2C /* HistoryViewController.swift */ = {isa = PBXFileReference; fileEncoding = 4; lastKnownFileType = sourcecode.swift; path = HistoryViewController.swift; sourceTree = "<group>"; };
		58019A28245412C20004EF2C /* RedMineTableViewCell.xib */ = {isa = PBXFileReference; fileEncoding = 4; lastKnownFileType = file.xib; path = RedMineTableViewCell.xib; sourceTree = "<group>"; };
		58019A29245412C20004EF2C /* HistoryViewController.xib */ = {isa = PBXFileReference; fileEncoding = 4; lastKnownFileType = file.xib; path = HistoryViewController.xib; sourceTree = "<group>"; };
		58019A2A245412C20004EF2C /* HistoryTableViewCell.xib */ = {isa = PBXFileReference; fileEncoding = 4; lastKnownFileType = file.xib; path = HistoryTableViewCell.xib; sourceTree = "<group>"; };
		58019A31245413DC0004EF2C /* HistoryTableViewCell.swift */ = {isa = PBXFileReference; fileEncoding = 4; lastKnownFileType = sourcecode.swift; path = HistoryTableViewCell.swift; sourceTree = "<group>"; };
		58019A32245413DC0004EF2C /* RedMineTableViewCell.swift */ = {isa = PBXFileReference; fileEncoding = 4; lastKnownFileType = sourcecode.swift; path = RedMineTableViewCell.swift; sourceTree = "<group>"; };
		58019A36245414310004EF2C /* HTTPUtil.swift */ = {isa = PBXFileReference; fileEncoding = 4; lastKnownFileType = sourcecode.swift; path = HTTPUtil.swift; sourceTree = "<group>"; };
		58019A37245414310004EF2C /* DateUtil.swift */ = {isa = PBXFileReference; fileEncoding = 4; lastKnownFileType = sourcecode.swift; path = DateUtil.swift; sourceTree = "<group>"; };
		58019A38245414310004EF2C /* TimeLogConst.swift */ = {isa = PBXFileReference; fileEncoding = 4; lastKnownFileType = sourcecode.swift; path = TimeLogConst.swift; sourceTree = "<group>"; };
		58019A3C24541EE50004EF2C /* RedMineViewController.xib */ = {isa = PBXFileReference; fileEncoding = 4; lastKnownFileType = file.xib; path = RedMineViewController.xib; sourceTree = "<group>"; };
		58019A402454DE0E0004EF2C /* HistoryDetailViewController.swift */ = {isa = PBXFileReference; lastKnownFileType = sourcecode.swift; path = HistoryDetailViewController.swift; sourceTree = "<group>"; };
		A5CB8108974D79809E6E2264 /* Pods-TimeLogAppTests.release.xcconfig */ = {isa = PBXFileReference; includeInIndex = 1; lastKnownFileType = text.xcconfig; name = "Pods-TimeLogAppTests.release.xcconfig"; path = "Target Support Files/Pods-TimeLogAppTests/Pods-TimeLogAppTests.release.xcconfig"; sourceTree = "<group>"; };
		B76296A7CE3244626A249466 /* Pods-TimeLogApp.release.xcconfig */ = {isa = PBXFileReference; includeInIndex = 1; lastKnownFileType = text.xcconfig; name = "Pods-TimeLogApp.release.xcconfig"; path = "Target Support Files/Pods-TimeLogApp/Pods-TimeLogApp.release.xcconfig"; sourceTree = "<group>"; };
		BA74890B2318FCCEADB2E15D /* Pods-TimeLogApp-TimeLogAppUITests.release.xcconfig */ = {isa = PBXFileReference; includeInIndex = 1; lastKnownFileType = text.xcconfig; name = "Pods-TimeLogApp-TimeLogAppUITests.release.xcconfig"; path = "Target Support Files/Pods-TimeLogApp-TimeLogAppUITests/Pods-TimeLogApp-TimeLogAppUITests.release.xcconfig"; sourceTree = "<group>"; };
/* End PBXFileReference section */

/* Begin PBXFrameworksBuildPhase section */
		180395FD2423E11A00012755 /* Frameworks */ = {
			isa = PBXFrameworksBuildPhase;
			buildActionMask = 2147483647;
			files = (
				A6C23B0FBE743D943E11B1D9 /* Pods_TimeLogApp.framework in Frameworks */,
			);
			runOnlyForDeploymentPostprocessing = 0;
		};
		180396142423E12400012755 /* Frameworks */ = {
			isa = PBXFrameworksBuildPhase;
			buildActionMask = 2147483647;
			files = (
				90D2913012EE609F90710847 /* Pods_TimeLogAppTests.framework in Frameworks */,
			);
			runOnlyForDeploymentPostprocessing = 0;
		};
		1803961F2423E12400012755 /* Frameworks */ = {
			isa = PBXFrameworksBuildPhase;
			buildActionMask = 2147483647;
			files = (
				09CF8C40E49A1A58C5372288 /* Pods_TimeLogApp_TimeLogAppUITests.framework in Frameworks */,
			);
			runOnlyForDeploymentPostprocessing = 0;
		};
/* End PBXFrameworksBuildPhase section */

/* Begin PBXGroup section */
		09DDB34BF1BBB117C0572EEF /* Pods */ = {
			isa = PBXGroup;
			children = (
				57AEA3F8179EEF979691FEB6 /* Pods-TimeLogApp.debug.xcconfig */,
				B76296A7CE3244626A249466 /* Pods-TimeLogApp.release.xcconfig */,
				2FE7D495A5E0DF8DBBBA9958 /* Pods-TimeLogApp-TimeLogAppUITests.debug.xcconfig */,
				BA74890B2318FCCEADB2E15D /* Pods-TimeLogApp-TimeLogAppUITests.release.xcconfig */,
				2CC1068811D596F00D1BAB7D /* Pods-TimeLogAppTests.debug.xcconfig */,
				A5CB8108974D79809E6E2264 /* Pods-TimeLogAppTests.release.xcconfig */,
			);
			path = Pods;
			sourceTree = "<group>";
		};
		180395F72423E11A00012755 = {
			isa = PBXGroup;
			children = (
				180396022423E11A00012755 /* TimeLogApp */,
				1803961A2423E12400012755 /* TimeLogAppTests */,
				180396252423E12400012755 /* TimeLogAppUITests */,
				180396012423E11A00012755 /* Products */,
				09DDB34BF1BBB117C0572EEF /* Pods */,
				ED0925B3134181397547A140 /* Frameworks */,
			);
			sourceTree = "<group>";
		};
		180396012423E11A00012755 /* Products */ = {
			isa = PBXGroup;
			children = (
				180396002423E11A00012755 /* TimeLogApp.app */,
				180396172423E12400012755 /* TimeLogAppTests.xctest */,
				180396222423E12400012755 /* TimeLogAppUITests.xctest */,
			);
			name = Products;
			sourceTree = "<group>";
		};
		180396022423E11A00012755 /* TimeLogApp */ = {
			isa = PBXGroup;
			children = (
				58019A35245414310004EF2C /* Util */,
				58019A30245413DC0004EF2C /* TableCell */,
				58019A27245412C20004EF2C /* Xib */,
				58019A0A24540DCA0004EF2C /* Model */,
				58019A0D24540DCA0004EF2C /* Presenter */,
				58019A1024540DCA0004EF2C /* View */,
				58019A0024540CCE0004EF2C /* TimeLogApp.xcdatamodeld */,
				180396032423E11A00012755 /* AppDelegate.swift */,
				1803960D2423E12300012755 /* Assets.xcassets */,
				1803960F2423E12300012755 /* LaunchScreen.storyboard */,
				180396122423E12300012755 /* Info.plist */,
				1803960A2423E11B00012755 /* TimeLogApp.xcdatamodeld */,
			);
			path = TimeLogApp;
			sourceTree = "<group>";
		};
		1803961A2423E12400012755 /* TimeLogAppTests */ = {
			isa = PBXGroup;
			children = (
				1803961B2423E12400012755 /* TimeLogAppTests.swift */,
				1803961D2423E12400012755 /* Info.plist */,
			);
			path = TimeLogAppTests;
			sourceTree = "<group>";
		};
		180396252423E12400012755 /* TimeLogAppUITests */ = {
			isa = PBXGroup;
			children = (
				180396262423E12400012755 /* TimeLogAppUITests.swift */,
				180396282423E12400012755 /* Info.plist */,
			);
			path = TimeLogAppUITests;
			sourceTree = "<group>";
		};
		58019A0A24540DCA0004EF2C /* Model */ = {
			isa = PBXGroup;
			children = (
				58019A0B24540DCA0004EF2C /* TimeLogModel.swift */,
				58019A0C24540DCA0004EF2C /* CountModel.swift */,
			);
			path = Model;
			sourceTree = "<group>";
		};
		58019A0D24540DCA0004EF2C /* Presenter */ = {
			isa = PBXGroup;
			children = (
				58019A0E24540DCA0004EF2C /* TimeLogPresenter.swift */,
				58019A0F24540DCA0004EF2C /* CountPresenter.swift */,
			);
			path = Presenter;
			sourceTree = "<group>";
		};
		58019A1024540DCA0004EF2C /* View */ = {
			isa = PBXGroup;
			children = (
				58019A1224540DCA0004EF2C /* RedMineViewController.swift */,
				58019A1324540DCA0004EF2C /* TopViewController.swift */,
				58019A1424540DCA0004EF2C /* TabViewController.swift */,
				58019A1924540DCA0004EF2C /* HistoryViewController.swift */,
				58019A402454DE0E0004EF2C /* HistoryDetailViewController.swift */,
			);
			path = View;
			sourceTree = "<group>";
		};
		58019A27245412C20004EF2C /* Xib */ = {
			isa = PBXGroup;
			children = (
				58019A3C24541EE50004EF2C /* RedMineViewController.xib */,
				58019A28245412C20004EF2C /* RedMineTableViewCell.xib */,
				58019A29245412C20004EF2C /* HistoryViewController.xib */,
				58019A2A245412C20004EF2C /* HistoryTableViewCell.xib */,
			);
			path = Xib;
			sourceTree = "<group>";
		};
		58019A30245413DC0004EF2C /* TableCell */ = {
			isa = PBXGroup;
			children = (
				58019A31245413DC0004EF2C /* HistoryTableViewCell.swift */,
				58019A32245413DC0004EF2C /* RedMineTableViewCell.swift */,
			);
			path = TableCell;
			sourceTree = "<group>";
		};
		58019A35245414310004EF2C /* Util */ = {
			isa = PBXGroup;
			children = (
				58019A36245414310004EF2C /* HTTPUtil.swift */,
				58019A37245414310004EF2C /* DateUtil.swift */,
				58019A38245414310004EF2C /* TimeLogConst.swift */,
			);
			path = Util;
			sourceTree = "<group>";
		};
		ED0925B3134181397547A140 /* Frameworks */ = {
			isa = PBXGroup;
			children = (
				0774FEC46F57335516710D07 /* Pods_TimeLogApp.framework */,
				077587218B879260955A998E /* Pods_TimeLogApp_TimeLogAppUITests.framework */,
				3549783DD547D5317C5C5378 /* Pods_TimeLogAppTests.framework */,
			);
			name = Frameworks;
			sourceTree = "<group>";
		};
/* End PBXGroup section */

/* Begin PBXNativeTarget section */
		180395FF2423E11A00012755 /* TimeLogApp */ = {
			isa = PBXNativeTarget;
			buildConfigurationList = 1803962B2423E12400012755 /* Build configuration list for PBXNativeTarget "TimeLogApp" */;
			buildPhases = (
				3234CB526FC57A3DC042BA79 /* [CP] Check Pods Manifest.lock */,
				180395FC2423E11A00012755 /* Sources */,
				180395FD2423E11A00012755 /* Frameworks */,
				180395FE2423E11A00012755 /* Resources */,
				E56F2A9C5128D384BA52FDE7 /* [CP] Embed Pods Frameworks */,
			);
			buildRules = (
			);
			dependencies = (
			);
			name = TimeLogApp;
			productName = TimeLogApp;
			productReference = 180396002423E11A00012755 /* TimeLogApp.app */;
			productType = "com.apple.product-type.application";
		};
		180396162423E12400012755 /* TimeLogAppTests */ = {
			isa = PBXNativeTarget;
			buildConfigurationList = 1803962E2423E12400012755 /* Build configuration list for PBXNativeTarget "TimeLogAppTests" */;
			buildPhases = (
				4BFF325F4809C6BA7A2704BB /* [CP] Check Pods Manifest.lock */,
				180396132423E12400012755 /* Sources */,
				180396142423E12400012755 /* Frameworks */,
				180396152423E12400012755 /* Resources */,
			);
			buildRules = (
			);
			dependencies = (
				180396192423E12400012755 /* PBXTargetDependency */,
			);
			name = TimeLogAppTests;
			productName = TimeLogAppTests;
			productReference = 180396172423E12400012755 /* TimeLogAppTests.xctest */;
			productType = "com.apple.product-type.bundle.unit-test";
		};
		180396212423E12400012755 /* TimeLogAppUITests */ = {
			isa = PBXNativeTarget;
			buildConfigurationList = 180396312423E12400012755 /* Build configuration list for PBXNativeTarget "TimeLogAppUITests" */;
			buildPhases = (
				E92110FA3F1D2FB00D0B42AD /* [CP] Check Pods Manifest.lock */,
				1803961E2423E12400012755 /* Sources */,
				1803961F2423E12400012755 /* Frameworks */,
				180396202423E12400012755 /* Resources */,
				30A907CD3F402D76F338F73D /* [CP] Embed Pods Frameworks */,
			);
			buildRules = (
			);
			dependencies = (
				180396242423E12400012755 /* PBXTargetDependency */,
			);
			name = TimeLogAppUITests;
			productName = TimeLogAppUITests;
			productReference = 180396222423E12400012755 /* TimeLogAppUITests.xctest */;
			productType = "com.apple.product-type.bundle.ui-testing";
		};
/* End PBXNativeTarget section */

/* Begin PBXProject section */
		180395F82423E11A00012755 /* Project object */ = {
			isa = PBXProject;
			attributes = {
				LastSwiftUpdateCheck = 1010;
				LastUpgradeCheck = 1010;
				ORGANIZATIONNAME = Baminami;
				TargetAttributes = {
					180395FF2423E11A00012755 = {
						CreatedOnToolsVersion = 10.1;
					};
					180396162423E12400012755 = {
						CreatedOnToolsVersion = 10.1;
						TestTargetID = 180395FF2423E11A00012755;
					};
					180396212423E12400012755 = {
						CreatedOnToolsVersion = 10.1;
						TestTargetID = 180395FF2423E11A00012755;
					};
				};
			};
			buildConfigurationList = 180395FB2423E11A00012755 /* Build configuration list for PBXProject "TimeLogApp" */;
			compatibilityVersion = "Xcode 9.3";
			developmentRegion = en;
			hasScannedForEncodings = 0;
			knownRegions = (
				en,
				Base,
			);
			mainGroup = 180395F72423E11A00012755;
			productRefGroup = 180396012423E11A00012755 /* Products */;
			projectDirPath = "";
			projectRoot = "";
			targets = (
				180395FF2423E11A00012755 /* TimeLogApp */,
				180396162423E12400012755 /* TimeLogAppTests */,
				180396212423E12400012755 /* TimeLogAppUITests */,
			);
		};
/* End PBXProject section */

/* Begin PBXResourcesBuildPhase section */
		180395FE2423E11A00012755 /* Resources */ = {
			isa = PBXResourcesBuildPhase;
			buildActionMask = 2147483647;
			files = (
				180396112423E12300012755 /* LaunchScreen.storyboard in Resources */,
				1803960E2423E12300012755 /* Assets.xcassets in Resources */,
				58019A2D245412C30004EF2C /* HistoryViewController.xib in Resources */,
				58019A3D24541EE50004EF2C /* RedMineViewController.xib in Resources */,
				58019A2E245412C30004EF2C /* HistoryTableViewCell.xib in Resources */,
				58019A2C245412C30004EF2C /* RedMineTableViewCell.xib in Resources */,
			);
			runOnlyForDeploymentPostprocessing = 0;
		};
		180396152423E12400012755 /* Resources */ = {
			isa = PBXResourcesBuildPhase;
			buildActionMask = 2147483647;
			files = (
			);
			runOnlyForDeploymentPostprocessing = 0;
		};
		180396202423E12400012755 /* Resources */ = {
			isa = PBXResourcesBuildPhase;
			buildActionMask = 2147483647;
			files = (
			);
			runOnlyForDeploymentPostprocessing = 0;
		};
/* End PBXResourcesBuildPhase section */

/* Begin PBXShellScriptBuildPhase section */
		30A907CD3F402D76F338F73D /* [CP] Embed Pods Frameworks */ = {
			isa = PBXShellScriptBuildPhase;
			buildActionMask = 2147483647;
			files = (
			);
			inputFileListPaths = (
				"${PODS_ROOT}/Target Support Files/Pods-TimeLogApp-TimeLogAppUITests/Pods-TimeLogApp-TimeLogAppUITests-frameworks-${CONFIGURATION}-input-files.xcfilelist",
			);
			name = "[CP] Embed Pods Frameworks";
			outputFileListPaths = (
				"${PODS_ROOT}/Target Support Files/Pods-TimeLogApp-TimeLogAppUITests/Pods-TimeLogApp-TimeLogAppUITests-frameworks-${CONFIGURATION}-output-files.xcfilelist",
			);
			runOnlyForDeploymentPostprocessing = 0;
			shellPath = /bin/sh;
			shellScript = "\"${PODS_ROOT}/Target Support Files/Pods-TimeLogApp-TimeLogAppUITests/Pods-TimeLogApp-TimeLogAppUITests-frameworks.sh\"\n";
			showEnvVarsInLog = 0;
		};
		3234CB526FC57A3DC042BA79 /* [CP] Check Pods Manifest.lock */ = {
			isa = PBXShellScriptBuildPhase;
			buildActionMask = 2147483647;
			files = (
			);
			inputFileListPaths = (
			);
			inputPaths = (
				"${PODS_PODFILE_DIR_PATH}/Podfile.lock",
				"${PODS_ROOT}/Manifest.lock",
			);
			name = "[CP] Check Pods Manifest.lock";
			outputFileListPaths = (
			);
			outputPaths = (
				"$(DERIVED_FILE_DIR)/Pods-TimeLogApp-checkManifestLockResult.txt",
			);
			runOnlyForDeploymentPostprocessing = 0;
			shellPath = /bin/sh;
			shellScript = "diff \"${PODS_PODFILE_DIR_PATH}/Podfile.lock\" \"${PODS_ROOT}/Manifest.lock\" > /dev/null\nif [ $? != 0 ] ; then\n    # print error to STDERR\n    echo \"error: The sandbox is not in sync with the Podfile.lock. Run 'pod install' or update your CocoaPods installation.\" >&2\n    exit 1\nfi\n# This output is used by Xcode 'outputs' to avoid re-running this script phase.\necho \"SUCCESS\" > \"${SCRIPT_OUTPUT_FILE_0}\"\n";
			showEnvVarsInLog = 0;
		};
		4BFF325F4809C6BA7A2704BB /* [CP] Check Pods Manifest.lock */ = {
			isa = PBXShellScriptBuildPhase;
			buildActionMask = 2147483647;
			files = (
			);
			inputFileListPaths = (
			);
			inputPaths = (
				"${PODS_PODFILE_DIR_PATH}/Podfile.lock",
				"${PODS_ROOT}/Manifest.lock",
			);
			name = "[CP] Check Pods Manifest.lock";
			outputFileListPaths = (
			);
			outputPaths = (
				"$(DERIVED_FILE_DIR)/Pods-TimeLogAppTests-checkManifestLockResult.txt",
			);
			runOnlyForDeploymentPostprocessing = 0;
			shellPath = /bin/sh;
			shellScript = "diff \"${PODS_PODFILE_DIR_PATH}/Podfile.lock\" \"${PODS_ROOT}/Manifest.lock\" > /dev/null\nif [ $? != 0 ] ; then\n    # print error to STDERR\n    echo \"error: The sandbox is not in sync with the Podfile.lock. Run 'pod install' or update your CocoaPods installation.\" >&2\n    exit 1\nfi\n# This output is used by Xcode 'outputs' to avoid re-running this script phase.\necho \"SUCCESS\" > \"${SCRIPT_OUTPUT_FILE_0}\"\n";
			showEnvVarsInLog = 0;
		};
		E56F2A9C5128D384BA52FDE7 /* [CP] Embed Pods Frameworks */ = {
			isa = PBXShellScriptBuildPhase;
			buildActionMask = 2147483647;
			files = (
			);
			inputFileListPaths = (
				"${PODS_ROOT}/Target Support Files/Pods-TimeLogApp/Pods-TimeLogApp-frameworks-${CONFIGURATION}-input-files.xcfilelist",
			);
			name = "[CP] Embed Pods Frameworks";
			outputFileListPaths = (
				"${PODS_ROOT}/Target Support Files/Pods-TimeLogApp/Pods-TimeLogApp-frameworks-${CONFIGURATION}-output-files.xcfilelist",
			);
			runOnlyForDeploymentPostprocessing = 0;
			shellPath = /bin/sh;
			shellScript = "\"${PODS_ROOT}/Target Support Files/Pods-TimeLogApp/Pods-TimeLogApp-frameworks.sh\"\n";
			showEnvVarsInLog = 0;
		};
		E92110FA3F1D2FB00D0B42AD /* [CP] Check Pods Manifest.lock */ = {
			isa = PBXShellScriptBuildPhase;
			buildActionMask = 2147483647;
			files = (
			);
			inputFileListPaths = (
			);
			inputPaths = (
				"${PODS_PODFILE_DIR_PATH}/Podfile.lock",
				"${PODS_ROOT}/Manifest.lock",
			);
			name = "[CP] Check Pods Manifest.lock";
			outputFileListPaths = (
			);
			outputPaths = (
				"$(DERIVED_FILE_DIR)/Pods-TimeLogApp-TimeLogAppUITests-checkManifestLockResult.txt",
			);
			runOnlyForDeploymentPostprocessing = 0;
			shellPath = /bin/sh;
			shellScript = "diff \"${PODS_PODFILE_DIR_PATH}/Podfile.lock\" \"${PODS_ROOT}/Manifest.lock\" > /dev/null\nif [ $? != 0 ] ; then\n    # print error to STDERR\n    echo \"error: The sandbox is not in sync with the Podfile.lock. Run 'pod install' or update your CocoaPods installation.\" >&2\n    exit 1\nfi\n# This output is used by Xcode 'outputs' to avoid re-running this script phase.\necho \"SUCCESS\" > \"${SCRIPT_OUTPUT_FILE_0}\"\n";
			showEnvVarsInLog = 0;
		};
/* End PBXShellScriptBuildPhase section */

/* Begin PBXSourcesBuildPhase section */
		180395FC2423E11A00012755 /* Sources */ = {
			isa = PBXSourcesBuildPhase;
			buildActionMask = 2147483647;
			files = (
				58019A3A245414320004EF2C /* DateUtil.swift in Sources */,
				58019A412454DE0E0004EF2C /* HistoryDetailViewController.swift in Sources */,
				58019A1C24540DCA0004EF2C /* TimeLogPresenter.swift in Sources */,
				1803960C2423E11B00012755 /* TimeLogApp.xcdatamodeld in Sources */,
				180396042423E11A00012755 /* AppDelegate.swift in Sources */,
				58019A2124540DCA0004EF2C /* TabViewController.swift in Sources */,
				58019A3B245414320004EF2C /* TimeLogConst.swift in Sources */,
				58019A1F24540DCA0004EF2C /* RedMineViewController.swift in Sources */,
				58019A2024540DCA0004EF2C /* TopViewController.swift in Sources */,
				58019A39245414320004EF2C /* HTTPUtil.swift in Sources */,
				58019A1D24540DCA0004EF2C /* CountPresenter.swift in Sources */,
				58019A0824540CCE0004EF2C /* TimeLogApp.xcdatamodeld in Sources */,
				58019A34245413DC0004EF2C /* RedMineTableViewCell.swift in Sources */,
				58019A33245413DC0004EF2C /* HistoryTableViewCell.swift in Sources */,
				58019A2624540DCA0004EF2C /* HistoryViewController.swift in Sources */,
				58019A1A24540DCA0004EF2C /* TimeLogModel.swift in Sources */,
				58019A1B24540DCA0004EF2C /* CountModel.swift in Sources */,
			);
			runOnlyForDeploymentPostprocessing = 0;
		};
		180396132423E12400012755 /* Sources */ = {
			isa = PBXSourcesBuildPhase;
			buildActionMask = 2147483647;
			files = (
				1803961C2423E12400012755 /* TimeLogAppTests.swift in Sources */,
			);
			runOnlyForDeploymentPostprocessing = 0;
		};
		1803961E2423E12400012755 /* Sources */ = {
			isa = PBXSourcesBuildPhase;
			buildActionMask = 2147483647;
			files = (
				180396272423E12400012755 /* TimeLogAppUITests.swift in Sources */,
			);
			runOnlyForDeploymentPostprocessing = 0;
		};
/* End PBXSourcesBuildPhase section */

/* Begin PBXTargetDependency section */
		180396192423E12400012755 /* PBXTargetDependency */ = {
			isa = PBXTargetDependency;
			target = 180395FF2423E11A00012755 /* TimeLogApp */;
			targetProxy = 180396182423E12400012755 /* PBXContainerItemProxy */;
		};
		180396242423E12400012755 /* PBXTargetDependency */ = {
			isa = PBXTargetDependency;
			target = 180395FF2423E11A00012755 /* TimeLogApp */;
			targetProxy = 180396232423E12400012755 /* PBXContainerItemProxy */;
		};
/* End PBXTargetDependency section */

/* Begin PBXVariantGroup section */
		1803960F2423E12300012755 /* LaunchScreen.storyboard */ = {
			isa = PBXVariantGroup;
			children = (
				180396102423E12300012755 /* Base */,
			);
			name = LaunchScreen.storyboard;
			sourceTree = "<group>";
		};
/* End PBXVariantGroup section */

/* Begin XCBuildConfiguration section */
		180396292423E12400012755 /* Debug */ = {
			isa = XCBuildConfiguration;
			buildSettings = {
				ALWAYS_SEARCH_USER_PATHS = NO;
				CLANG_ANALYZER_NONNULL = YES;
				CLANG_ANALYZER_NUMBER_OBJECT_CONVERSION = YES_AGGRESSIVE;
				CLANG_CXX_LANGUAGE_STANDARD = "gnu++14";
				CLANG_CXX_LIBRARY = "libc++";
				CLANG_ENABLE_MODULES = YES;
				CLANG_ENABLE_OBJC_ARC = YES;
				CLANG_ENABLE_OBJC_WEAK = YES;
				CLANG_WARN_BLOCK_CAPTURE_AUTORELEASING = YES;
				CLANG_WARN_BOOL_CONVERSION = YES;
				CLANG_WARN_COMMA = YES;
				CLANG_WARN_CONSTANT_CONVERSION = YES;
				CLANG_WARN_DEPRECATED_OBJC_IMPLEMENTATIONS = YES;
				CLANG_WARN_DIRECT_OBJC_ISA_USAGE = YES_ERROR;
				CLANG_WARN_DOCUMENTATION_COMMENTS = YES;
				CLANG_WARN_EMPTY_BODY = YES;
				CLANG_WARN_ENUM_CONVERSION = YES;
				CLANG_WARN_INFINITE_RECURSION = YES;
				CLANG_WARN_INT_CONVERSION = YES;
				CLANG_WARN_NON_LITERAL_NULL_CONVERSION = YES;
				CLANG_WARN_OBJC_IMPLICIT_RETAIN_SELF = YES;
				CLANG_WARN_OBJC_LITERAL_CONVERSION = YES;
				CLANG_WARN_OBJC_ROOT_CLASS = YES_ERROR;
				CLANG_WARN_RANGE_LOOP_ANALYSIS = YES;
				CLANG_WARN_STRICT_PROTOTYPES = YES;
				CLANG_WARN_SUSPICIOUS_MOVE = YES;
				CLANG_WARN_UNGUARDED_AVAILABILITY = YES_AGGRESSIVE;
				CLANG_WARN_UNREACHABLE_CODE = YES;
				CLANG_WARN__DUPLICATE_METHOD_MATCH = YES;
				CODE_SIGN_IDENTITY = "iPhone Developer";
				COPY_PHASE_STRIP = NO;
				DEBUG_INFORMATION_FORMAT = dwarf;
				ENABLE_STRICT_OBJC_MSGSEND = YES;
				ENABLE_TESTABILITY = YES;
				GCC_C_LANGUAGE_STANDARD = gnu11;
				GCC_DYNAMIC_NO_PIC = NO;
				GCC_NO_COMMON_BLOCKS = YES;
				GCC_OPTIMIZATION_LEVEL = 0;
				GCC_PREPROCESSOR_DEFINITIONS = (
					"DEBUG=1",
					"$(inherited)",
				);
				GCC_WARN_64_TO_32_BIT_CONVERSION = YES;
				GCC_WARN_ABOUT_RETURN_TYPE = YES_ERROR;
				GCC_WARN_UNDECLARED_SELECTOR = YES;
				GCC_WARN_UNINITIALIZED_AUTOS = YES_AGGRESSIVE;
				GCC_WARN_UNUSED_FUNCTION = YES;
				GCC_WARN_UNUSED_VARIABLE = YES;
				IPHONEOS_DEPLOYMENT_TARGET = 12.1;
				MTL_ENABLE_DEBUG_INFO = INCLUDE_SOURCE;
				MTL_FAST_MATH = YES;
				ONLY_ACTIVE_ARCH = YES;
				SDKROOT = iphoneos;
				SWIFT_ACTIVE_COMPILATION_CONDITIONS = DEBUG;
				SWIFT_OPTIMIZATION_LEVEL = "-Onone";
			};
			name = Debug;
		};
		1803962A2423E12400012755 /* Release */ = {
			isa = XCBuildConfiguration;
			buildSettings = {
				ALWAYS_SEARCH_USER_PATHS = NO;
				CLANG_ANALYZER_NONNULL = YES;
				CLANG_ANALYZER_NUMBER_OBJECT_CONVERSION = YES_AGGRESSIVE;
				CLANG_CXX_LANGUAGE_STANDARD = "gnu++14";
				CLANG_CXX_LIBRARY = "libc++";
				CLANG_ENABLE_MODULES = YES;
				CLANG_ENABLE_OBJC_ARC = YES;
				CLANG_ENABLE_OBJC_WEAK = YES;
				CLANG_WARN_BLOCK_CAPTURE_AUTORELEASING = YES;
				CLANG_WARN_BOOL_CONVERSION = YES;
				CLANG_WARN_COMMA = YES;
				CLANG_WARN_CONSTANT_CONVERSION = YES;
				CLANG_WARN_DEPRECATED_OBJC_IMPLEMENTATIONS = YES;
				CLANG_WARN_DIRECT_OBJC_ISA_USAGE = YES_ERROR;
				CLANG_WARN_DOCUMENTATION_COMMENTS = YES;
				CLANG_WARN_EMPTY_BODY = YES;
				CLANG_WARN_ENUM_CONVERSION = YES;
				CLANG_WARN_INFINITE_RECURSION = YES;
				CLANG_WARN_INT_CONVERSION = YES;
				CLANG_WARN_NON_LITERAL_NULL_CONVERSION = YES;
				CLANG_WARN_OBJC_IMPLICIT_RETAIN_SELF = YES;
				CLANG_WARN_OBJC_LITERAL_CONVERSION = YES;
				CLANG_WARN_OBJC_ROOT_CLASS = YES_ERROR;
				CLANG_WARN_RANGE_LOOP_ANALYSIS = YES;
				CLANG_WARN_STRICT_PROTOTYPES = YES;
				CLANG_WARN_SUSPICIOUS_MOVE = YES;
				CLANG_WARN_UNGUARDED_AVAILABILITY = YES_AGGRESSIVE;
				CLANG_WARN_UNREACHABLE_CODE = YES;
				CLANG_WARN__DUPLICATE_METHOD_MATCH = YES;
				CODE_SIGN_IDENTITY = "iPhone Developer";
				COPY_PHASE_STRIP = NO;
				DEBUG_INFORMATION_FORMAT = "dwarf-with-dsym";
				ENABLE_NS_ASSERTIONS = NO;
				ENABLE_STRICT_OBJC_MSGSEND = YES;
				GCC_C_LANGUAGE_STANDARD = gnu11;
				GCC_NO_COMMON_BLOCKS = YES;
				GCC_WARN_64_TO_32_BIT_CONVERSION = YES;
				GCC_WARN_ABOUT_RETURN_TYPE = YES_ERROR;
				GCC_WARN_UNDECLARED_SELECTOR = YES;
				GCC_WARN_UNINITIALIZED_AUTOS = YES_AGGRESSIVE;
				GCC_WARN_UNUSED_FUNCTION = YES;
				GCC_WARN_UNUSED_VARIABLE = YES;
				IPHONEOS_DEPLOYMENT_TARGET = 12.1;
				MTL_ENABLE_DEBUG_INFO = NO;
				MTL_FAST_MATH = YES;
				SDKROOT = iphoneos;
				SWIFT_COMPILATION_MODE = wholemodule;
				SWIFT_OPTIMIZATION_LEVEL = "-O";
				VALIDATE_PRODUCT = YES;
			};
			name = Release;
		};
		1803962C2423E12400012755 /* Debug */ = {
			isa = XCBuildConfiguration;
			baseConfigurationReference = 57AEA3F8179EEF979691FEB6 /* Pods-TimeLogApp.debug.xcconfig */;
			buildSettings = {
				ASSETCATALOG_COMPILER_APPICON_NAME = AppIcon;
				CODE_SIGN_STYLE = Automatic;
				DEVELOPMENT_TEAM = R92P92MVFL;
				INFOPLIST_FILE = TimeLogApp/Info.plist;
				LD_RUNPATH_SEARCH_PATHS = (
					"$(inherited)",
					"@executable_path/Frameworks",
				);
				PRODUCT_BUNDLE_IDENTIFIER = com.Baminami.TimeLogApp;
				PRODUCT_NAME = "$(TARGET_NAME)";
				SWIFT_VERSION = 4.2;
				TARGETED_DEVICE_FAMILY = "1,2";
			};
			name = Debug;
		};
		1803962D2423E12400012755 /* Release */ = {
			isa = XCBuildConfiguration;
			baseConfigurationReference = B76296A7CE3244626A249466 /* Pods-TimeLogApp.release.xcconfig */;
			buildSettings = {
				ASSETCATALOG_COMPILER_APPICON_NAME = AppIcon;
				CODE_SIGN_STYLE = Automatic;
				DEVELOPMENT_TEAM = R92P92MVFL;
				INFOPLIST_FILE = TimeLogApp/Info.plist;
				LD_RUNPATH_SEARCH_PATHS = (
					"$(inherited)",
					"@executable_path/Frameworks",
				);
				PRODUCT_BUNDLE_IDENTIFIER = com.Baminami.TimeLogApp;
				PRODUCT_NAME = "$(TARGET_NAME)";
				SWIFT_VERSION = 4.2;
				TARGETED_DEVICE_FAMILY = "1,2";
			};
			name = Release;
		};
		1803962F2423E12400012755 /* Debug */ = {
			isa = XCBuildConfiguration;
			baseConfigurationReference = 2CC1068811D596F00D1BAB7D /* Pods-TimeLogAppTests.debug.xcconfig */;
			buildSettings = {
				ALWAYS_EMBED_SWIFT_STANDARD_LIBRARIES = YES;
				BUNDLE_LOADER = "$(TEST_HOST)";
				CODE_SIGN_STYLE = Automatic;
				DEVELOPMENT_TEAM = R92P92MVFL;
				INFOPLIST_FILE = TimeLogAppTests/Info.plist;
				LD_RUNPATH_SEARCH_PATHS = (
					"$(inherited)",
					"@executable_path/Frameworks",
					"@loader_path/Frameworks",
				);
				PRODUCT_BUNDLE_IDENTIFIER = com.Baminami.TimeLogAppTests;
				PRODUCT_NAME = "$(TARGET_NAME)";
				SWIFT_VERSION = 4.2;
				TARGETED_DEVICE_FAMILY = "1,2";
				TEST_HOST = "$(BUILT_PRODUCTS_DIR)/TimeLogApp.app/TimeLogApp";
			};
			name = Debug;
		};
		180396302423E12400012755 /* Release */ = {
			isa = XCBuildConfiguration;
			baseConfigurationReference = A5CB8108974D79809E6E2264 /* Pods-TimeLogAppTests.release.xcconfig */;
			buildSettings = {
				ALWAYS_EMBED_SWIFT_STANDARD_LIBRARIES = YES;
				BUNDLE_LOADER = "$(TEST_HOST)";
				CODE_SIGN_STYLE = Automatic;
				DEVELOPMENT_TEAM = R92P92MVFL;
				INFOPLIST_FILE = TimeLogAppTests/Info.plist;
				LD_RUNPATH_SEARCH_PATHS = (
					"$(inherited)",
					"@executable_path/Frameworks",
					"@loader_path/Frameworks",
				);
				PRODUCT_BUNDLE_IDENTIFIER = com.Baminami.TimeLogAppTests;
				PRODUCT_NAME = "$(TARGET_NAME)";
				SWIFT_VERSION = 4.2;
				TARGETED_DEVICE_FAMILY = "1,2";
				TEST_HOST = "$(BUILT_PRODUCTS_DIR)/TimeLogApp.app/TimeLogApp";
			};
			name = Release;
		};
		180396322423E12400012755 /* Debug */ = {
			isa = XCBuildConfiguration;
			baseConfigurationReference = 2FE7D495A5E0DF8DBBBA9958 /* Pods-TimeLogApp-TimeLogAppUITests.debug.xcconfig */;
			buildSettings = {
				ALWAYS_EMBED_SWIFT_STANDARD_LIBRARIES = YES;
				CODE_SIGN_STYLE = Automatic;
				DEVELOPMENT_TEAM = R92P92MVFL;
				INFOPLIST_FILE = TimeLogAppUITests/Info.plist;
				LD_RUNPATH_SEARCH_PATHS = (
					"$(inherited)",
					"@executable_path/Frameworks",
					"@loader_path/Frameworks",
				);
				PRODUCT_BUNDLE_IDENTIFIER = com.Baminami.TimeLogAppUITests;
				PRODUCT_NAME = "$(TARGET_NAME)";
				SWIFT_VERSION = 4.2;
				TARGETED_DEVICE_FAMILY = "1,2";
				TEST_TARGET_NAME = TimeLogApp;
			};
			name = Debug;
		};
		180396332423E12400012755 /* Release */ = {
			isa = XCBuildConfiguration;
			baseConfigurationReference = BA74890B2318FCCEADB2E15D /* Pods-TimeLogApp-TimeLogAppUITests.release.xcconfig */;
			buildSettings = {
				ALWAYS_EMBED_SWIFT_STANDARD_LIBRARIES = YES;
				CODE_SIGN_STYLE = Automatic;
				DEVELOPMENT_TEAM = R92P92MVFL;
				INFOPLIST_FILE = TimeLogAppUITests/Info.plist;
				LD_RUNPATH_SEARCH_PATHS = (
					"$(inherited)",
					"@executable_path/Frameworks",
					"@loader_path/Frameworks",
				);
				PRODUCT_BUNDLE_IDENTIFIER = com.Baminami.TimeLogAppUITests;
				PRODUCT_NAME = "$(TARGET_NAME)";
				SWIFT_VERSION = 4.2;
				TARGETED_DEVICE_FAMILY = "1,2";
				TEST_TARGET_NAME = TimeLogApp;
			};
			name = Release;
		};
/* End XCBuildConfiguration section */

/* Begin XCConfigurationList section */
		180395FB2423E11A00012755 /* Build configuration list for PBXProject "TimeLogApp" */ = {
			isa = XCConfigurationList;
			buildConfigurations = (
				180396292423E12400012755 /* Debug */,
				1803962A2423E12400012755 /* Release */,
			);
			defaultConfigurationIsVisible = 0;
			defaultConfigurationName = Release;
		};
		1803962B2423E12400012755 /* Build configuration list for PBXNativeTarget "TimeLogApp" */ = {
			isa = XCConfigurationList;
			buildConfigurations = (
				1803962C2423E12400012755 /* Debug */,
				1803962D2423E12400012755 /* Release */,
			);
			defaultConfigurationIsVisible = 0;
			defaultConfigurationName = Release;
		};
		1803962E2423E12400012755 /* Build configuration list for PBXNativeTarget "TimeLogAppTests" */ = {
			isa = XCConfigurationList;
			buildConfigurations = (
				1803962F2423E12400012755 /* Debug */,
				180396302423E12400012755 /* Release */,
			);
			defaultConfigurationIsVisible = 0;
			defaultConfigurationName = Release;
		};
		180396312423E12400012755 /* Build configuration list for PBXNativeTarget "TimeLogAppUITests" */ = {
			isa = XCConfigurationList;
			buildConfigurations = (
				180396322423E12400012755 /* Debug */,
				180396332423E12400012755 /* Release */,
			);
			defaultConfigurationIsVisible = 0;
			defaultConfigurationName = Release;
		};
/* End XCConfigurationList section */

/* Begin XCVersionGroup section */
		1803960A2423E11B00012755 /* TimeLogApp.xcdatamodeld */ = {
			isa = XCVersionGroup;
			children = (
				1803960B2423E11B00012755 /* TimeLogApp.xcdatamodel */,
			);
			currentVersion = 1803960B2423E11B00012755 /* TimeLogApp.xcdatamodel */;
			path = TimeLogApp.xcdatamodeld;
			sourceTree = "<group>";
			versionGroupType = wrapper.xcdatamodel;
		};
		58019A0024540CCE0004EF2C /* TimeLogApp.xcdatamodeld */ = {
			isa = XCVersionGroup;
			children = (
				58019A0124540CCE0004EF2C /* TimeLogApp.xcdatamodel */,
			);
			currentVersion = 58019A0124540CCE0004EF2C /* TimeLogApp.xcdatamodel */;
			path = TimeLogApp.xcdatamodeld;
			sourceTree = "<group>";
			versionGroupType = wrapper.xcdatamodel;
		};
/* End XCVersionGroup section */
	};
	rootObject = 180395F82423E11A00012755 /* Project object */;
}
